// !$*UTF8*$!
{
	archiveVersion = 1;
	classes = {
	};
	objectVersion = 56;
	objects = {

/* Begin PBXBuildFile section */
		1802391D2AF0FC860022B5D7 /* CategoryModel.swift in Sources */ = {isa = PBXBuildFile; fileRef = 1802391C2AF0FC860022B5D7 /* CategoryModel.swift */; };
		1802391F2AF0FD120022B5D7 /* ItemViewModel.swift in Sources */ = {isa = PBXBuildFile; fileRef = 1802391E2AF0FD120022B5D7 /* ItemViewModel.swift */; };
		180239222AF0FF9B0022B5D7 /* ButtonCategoryAllView.swift in Sources */ = {isa = PBXBuildFile; fileRef = 180239212AF0FF9B0022B5D7 /* ButtonCategoryAllView.swift */; };
		180239272AF100530022B5D7 /* StringConstant.swift in Sources */ = {isa = PBXBuildFile; fileRef = 180239262AF100530022B5D7 /* StringConstant.swift */; };
		180239292AF100DD0022B5D7 /* FontExtension.swift in Sources */ = {isa = PBXBuildFile; fileRef = 180239282AF100DD0022B5D7 /* FontExtension.swift */; };
		1802392B2AF107450022B5D7 /* CombinedCategoryAndItemView.swift in Sources */ = {isa = PBXBuildFile; fileRef = 1802392A2AF107450022B5D7 /* CombinedCategoryAndItemView.swift */; };
		1802392E2AF10BC60022B5D7 /* RecomendedItemView.swift in Sources */ = {isa = PBXBuildFile; fileRef = 1802392D2AF10BC60022B5D7 /* RecomendedItemView.swift */; };
		180239302AF10D210022B5D7 /* ShopItem.swift in Sources */ = {isa = PBXBuildFile; fileRef = 1802392F2AF10D210022B5D7 /* ShopItem.swift */; };
		18D13E742AEF59BE001EC0B0 /* StoriesApp.swift in Sources */ = {isa = PBXBuildFile; fileRef = 18D13E732AEF59BE001EC0B0 /* StoriesApp.swift */; };
		18D13E762AEF59BE001EC0B0 /* ContentView.swift in Sources */ = {isa = PBXBuildFile; fileRef = 18D13E752AEF59BE001EC0B0 /* ContentView.swift */; };
		18D13E782AEF59BF001EC0B0 /* Assets.xcassets in Resources */ = {isa = PBXBuildFile; fileRef = 18D13E772AEF59BF001EC0B0 /* Assets.xcassets */; };
		18D13E7B2AEF59BF001EC0B0 /* Preview Assets.xcassets in Resources */ = {isa = PBXBuildFile; fileRef = 18D13E7A2AEF59BF001EC0B0 /* Preview Assets.xcassets */; };
		18D13E872AEF5B9A001EC0B0 /* Home.swift in Sources */ = {isa = PBXBuildFile; fileRef = 18D13E862AEF5B9A001EC0B0 /* Home.swift */; };
		18D13E892AEF605C001EC0B0 /* StoryBundle.swift in Sources */ = {isa = PBXBuildFile; fileRef = 18D13E882AEF605C001EC0B0 /* StoryBundle.swift */; };
		18D13E8B2AEF61DE001EC0B0 /* StoryViewModel .swift in Sources */ = {isa = PBXBuildFile; fileRef = 18D13E8A2AEF61DE001EC0B0 /* StoryViewModel .swift */; };
		18D13E8D2AEF6BFD001EC0B0 /* StoryView.swift in Sources */ = {isa = PBXBuildFile; fileRef = 18D13E8C2AEF6BFD001EC0B0 /* StoryView.swift */; };
		18F72B382AF2055B00CF1657 /* CategoryView.swift in Sources */ = {isa = PBXBuildFile; fileRef = 18F72B372AF2055B00CF1657 /* CategoryView.swift */; };
/* End PBXBuildFile section */

/* Begin PBXFileReference section */
		1802391C2AF0FC860022B5D7 /* CategoryModel.swift */ = {isa = PBXFileReference; lastKnownFileType = sourcecode.swift; path = CategoryModel.swift; sourceTree = "<group>"; };
		1802391E2AF0FD120022B5D7 /* ItemViewModel.swift */ = {isa = PBXFileReference; lastKnownFileType = sourcecode.swift; path = ItemViewModel.swift; sourceTree = "<group>"; };
		180239212AF0FF9B0022B5D7 /* ButtonCategoryAllView.swift */ = {isa = PBXFileReference; lastKnownFileType = sourcecode.swift; path = ButtonCategoryAllView.swift; sourceTree = "<group>"; };
		180239262AF100530022B5D7 /* StringConstant.swift */ = {isa = PBXFileReference; lastKnownFileType = sourcecode.swift; path = StringConstant.swift; sourceTree = "<group>"; };
		180239282AF100DD0022B5D7 /* FontExtension.swift */ = {isa = PBXFileReference; lastKnownFileType = sourcecode.swift; path = FontExtension.swift; sourceTree = "<group>"; };
		1802392A2AF107450022B5D7 /* CombinedCategoryAndItemView.swift */ = {isa = PBXFileReference; lastKnownFileType = sourcecode.swift; path = CombinedCategoryAndItemView.swift; sourceTree = "<group>"; };
		1802392D2AF10BC60022B5D7 /* RecomendedItemView.swift */ = {isa = PBXFileReference; lastKnownFileType = sourcecode.swift; path = RecomendedItemView.swift; sourceTree = "<group>"; };
		1802392F2AF10D210022B5D7 /* ShopItem.swift */ = {isa = PBXFileReference; lastKnownFileType = sourcecode.swift; path = ShopItem.swift; sourceTree = "<group>"; };
		18D13E702AEF59BE001EC0B0 /* Stories.app */ = {isa = PBXFileReference; explicitFileType = wrapper.application; includeInIndex = 0; path = Stories.app; sourceTree = BUILT_PRODUCTS_DIR; };
		18D13E732AEF59BE001EC0B0 /* StoriesApp.swift */ = {isa = PBXFileReference; lastKnownFileType = sourcecode.swift; path = StoriesApp.swift; sourceTree = "<group>"; };
		18D13E752AEF59BE001EC0B0 /* ContentView.swift */ = {isa = PBXFileReference; lastKnownFileType = sourcecode.swift; path = ContentView.swift; sourceTree = "<group>"; };
		18D13E772AEF59BF001EC0B0 /* Assets.xcassets */ = {isa = PBXFileReference; lastKnownFileType = folder.assetcatalog; path = Assets.xcassets; sourceTree = "<group>"; };
		18D13E7A2AEF59BF001EC0B0 /* Preview Assets.xcassets */ = {isa = PBXFileReference; lastKnownFileType = folder.assetcatalog; path = "Preview Assets.xcassets"; sourceTree = "<group>"; };
		18D13E862AEF5B9A001EC0B0 /* Home.swift */ = {isa = PBXFileReference; lastKnownFileType = sourcecode.swift; path = Home.swift; sourceTree = "<group>"; };
		18D13E882AEF605C001EC0B0 /* StoryBundle.swift */ = {isa = PBXFileReference; lastKnownFileType = sourcecode.swift; path = StoryBundle.swift; sourceTree = "<group>"; };
		18D13E8A2AEF61DE001EC0B0 /* StoryViewModel .swift */ = {isa = PBXFileReference; lastKnownFileType = sourcecode.swift; path = "StoryViewModel .swift"; sourceTree = "<group>"; };
		18D13E8C2AEF6BFD001EC0B0 /* StoryView.swift */ = {isa = PBXFileReference; lastKnownFileType = sourcecode.swift; path = StoryView.swift; sourceTree = "<group>"; };
		18F72B372AF2055B00CF1657 /* CategoryView.swift */ = {isa = PBXFileReference; lastKnownFileType = sourcecode.swift; path = CategoryView.swift; sourceTree = "<group>"; };
/* End PBXFileReference section */

/* Begin PBXFrameworksBuildPhase section */
		18D13E6D2AEF59BE001EC0B0 /* Frameworks */ = {
			isa = PBXFrameworksBuildPhase;
			buildActionMask = 2147483647;
			files = (
			);
			runOnlyForDeploymentPostprocessing = 0;
		};
/* End PBXFrameworksBuildPhase section */

/* Begin PBXGroup section */
		180239202AF0FF3A0022B5D7 /* Category */ = {
			isa = PBXGroup;
			children = (
				1802392C2AF10B840022B5D7 /* Additions */,
				1802392A2AF107450022B5D7 /* CombinedCategoryAndItemView.swift */,
			);
			path = Category;
			sourceTree = "<group>";
		};
		180239232AF100190022B5D7 /* Constants */ = {
			isa = PBXGroup;
			children = (
				180239262AF100530022B5D7 /* StringConstant.swift */,
				180239282AF100DD0022B5D7 /* FontExtension.swift */,
			);
			path = Constants;
			sourceTree = "<group>";
		};
		1802392C2AF10B840022B5D7 /* Additions */ = {
			isa = PBXGroup;
			children = (
				180239212AF0FF9B0022B5D7 /* ButtonCategoryAllView.swift */,
				1802392D2AF10BC60022B5D7 /* RecomendedItemView.swift */,
				18F72B372AF2055B00CF1657 /* CategoryView.swift */,
			);
			path = Additions;
			sourceTree = "<group>";
		};
		18D13E672AEF59BE001EC0B0 = {
			isa = PBXGroup;
			children = (
				18D13E722AEF59BE001EC0B0 /* Stories */,
				18D13E712AEF59BE001EC0B0 /* Products */,
			);
			sourceTree = "<group>";
		};
		18D13E712AEF59BE001EC0B0 /* Products */ = {
			isa = PBXGroup;
			children = (
				18D13E702AEF59BE001EC0B0 /* Stories.app */,
			);
			name = Products;
			sourceTree = "<group>";
		};
		18D13E722AEF59BE001EC0B0 /* Stories */ = {
			isa = PBXGroup;
			children = (
				18D13E832AEF5B72001EC0B0 /* View */,
				18D13E822AEF5B56001EC0B0 /* ViewModel */,
				18D13E812AEF5B47001EC0B0 /* Model */,
				180239232AF100190022B5D7 /* Constants */,
				18D13E732AEF59BE001EC0B0 /* StoriesApp.swift */,
				18D13E752AEF59BE001EC0B0 /* ContentView.swift */,
				18D13E772AEF59BF001EC0B0 /* Assets.xcassets */,
				18D13E792AEF59BF001EC0B0 /* Preview Content */,
			);
			path = Stories;
			sourceTree = "<group>";
		};
		18D13E792AEF59BF001EC0B0 /* Preview Content */ = {
			isa = PBXGroup;
			children = (
				18D13E7A2AEF59BF001EC0B0 /* Preview Assets.xcassets */,
			);
			path = "Preview Content";
			sourceTree = "<group>";
		};
		18D13E812AEF5B47001EC0B0 /* Model */ = {
			isa = PBXGroup;
			children = (
				18D13E882AEF605C001EC0B0 /* StoryBundle.swift */,
				1802391C2AF0FC860022B5D7 /* CategoryModel.swift */,
				1802392F2AF10D210022B5D7 /* ShopItem.swift */,
			);
			path = Model;
			sourceTree = "<group>";
		};
		18D13E822AEF5B56001EC0B0 /* ViewModel */ = {
			isa = PBXGroup;
			children = (
				18D13E8A2AEF61DE001EC0B0 /* StoryViewModel .swift */,
				1802391E2AF0FD120022B5D7 /* ItemViewModel.swift */,
			);
			path = ViewModel;
			sourceTree = "<group>";
		};
		18D13E832AEF5B72001EC0B0 /* View */ = {
			isa = PBXGroup;
			children = (
				180239202AF0FF3A0022B5D7 /* Category */,
				18D13E862AEF5B9A001EC0B0 /* Home.swift */,
				18D13E8C2AEF6BFD001EC0B0 /* StoryView.swift */,
			);
			path = View;
			sourceTree = "<group>";
		};
/* End PBXGroup section */

/* Begin PBXNativeTarget section */
		18D13E6F2AEF59BE001EC0B0 /* Stories */ = {
			isa = PBXNativeTarget;
			buildConfigurationList = 18D13E7E2AEF59BF001EC0B0 /* Build configuration list for PBXNativeTarget "Stories" */;
			buildPhases = (
				18D13E6C2AEF59BE001EC0B0 /* Sources */,
				18D13E6D2AEF59BE001EC0B0 /* Frameworks */,
				18D13E6E2AEF59BE001EC0B0 /* Resources */,
			);
			buildRules = (
			);
			dependencies = (
			);
			name = Stories;
			productName = Stories;
			productReference = 18D13E702AEF59BE001EC0B0 /* Stories.app */;
			productType = "com.apple.product-type.application";
		};
/* End PBXNativeTarget section */

/* Begin PBXProject section */
		18D13E682AEF59BE001EC0B0 /* Project object */ = {
			isa = PBXProject;
			attributes = {
				BuildIndependentTargetsInParallel = 1;
				LastSwiftUpdateCheck = 1430;
				LastUpgradeCheck = 1430;
				TargetAttributes = {
					18D13E6F2AEF59BE001EC0B0 = {
						CreatedOnToolsVersion = 14.3.1;
					};
				};
			};
			buildConfigurationList = 18D13E6B2AEF59BE001EC0B0 /* Build configuration list for PBXProject "Stories" */;
			compatibilityVersion = "Xcode 14.0";
			developmentRegion = en;
			hasScannedForEncodings = 0;
			knownRegions = (
				en,
				Base,
			);
			mainGroup = 18D13E672AEF59BE001EC0B0;
			productRefGroup = 18D13E712AEF59BE001EC0B0 /* Products */;
			projectDirPath = "";
			projectRoot = "";
			targets = (
				18D13E6F2AEF59BE001EC0B0 /* Stories */,
			);
		};
/* End PBXProject section */

/* Begin PBXResourcesBuildPhase section */
		18D13E6E2AEF59BE001EC0B0 /* Resources */ = {
			isa = PBXResourcesBuildPhase;
			buildActionMask = 2147483647;
			files = (
				18D13E7B2AEF59BF001EC0B0 /* Preview Assets.xcassets in Resources */,
				18D13E782AEF59BF001EC0B0 /* Assets.xcassets in Resources */,
			);
			runOnlyForDeploymentPostprocessing = 0;
		};
/* End PBXResourcesBuildPhase section */

/* Begin PBXSourcesBuildPhase section */
		18D13E6C2AEF59BE001EC0B0 /* Sources */ = {
			isa = PBXSourcesBuildPhase;
			buildActionMask = 2147483647;
			files = (
				18D13E8D2AEF6BFD001EC0B0 /* StoryView.swift in Sources */,
				1802391F2AF0FD120022B5D7 /* ItemViewModel.swift in Sources */,
				180239302AF10D210022B5D7 /* ShopItem.swift in Sources */,
				18D13E762AEF59BE001EC0B0 /* ContentView.swift in Sources */,
				18D13E872AEF5B9A001EC0B0 /* Home.swift in Sources */,
				180239272AF100530022B5D7 /* StringConstant.swift in Sources */,
				180239222AF0FF9B0022B5D7 /* ButtonCategoryAllView.swift in Sources */,
				18D13E742AEF59BE001EC0B0 /* StoriesApp.swift in Sources */,
				1802391D2AF0FC860022B5D7 /* CategoryModel.swift in Sources */,
				1802392B2AF107450022B5D7 /* CombinedCategoryAndItemView.swift in Sources */,
				1802392E2AF10BC60022B5D7 /* RecomendedItemView.swift in Sources */,
				18D13E8B2AEF61DE001EC0B0 /* StoryViewModel .swift in Sources */,
				180239292AF100DD0022B5D7 /* FontExtension.swift in Sources */,
				18D13E892AEF605C001EC0B0 /* StoryBundle.swift in Sources */,
				18F72B382AF2055B00CF1657 /* CategoryView.swift in Sources */,
			);
			runOnlyForDeploymentPostprocessing = 0;
		};
/* End PBXSourcesBuildPhase section */

/* Begin XCBuildConfiguration section */
		18D13E7C2AEF59BF001EC0B0 /* Debug */ = {
			isa = XCBuildConfiguration;
			buildSettings = {
				ALWAYS_SEARCH_USER_PATHS = NO;
				CLANG_ANALYZER_NONNULL = YES;
				CLANG_ANALYZER_NUMBER_OBJECT_CONVERSION = YES_AGGRESSIVE;
				CLANG_CXX_LANGUAGE_STANDARD = "gnu++20";
				CLANG_ENABLE_MODULES = YES;
				CLANG_ENABLE_OBJC_ARC = YES;
				CLANG_ENABLE_OBJC_WEAK = YES;
				CLANG_WARN_BLOCK_CAPTURE_AUTORELEASING = YES;
				CLANG_WARN_BOOL_CONVERSION = YES;
				CLANG_WARN_COMMA = YES;
				CLANG_WARN_CONSTANT_CONVERSION = YES;
				CLANG_WARN_DEPRECATED_OBJC_IMPLEMENTATIONS = YES;
				CLANG_WARN_DIRECT_OBJC_ISA_USAGE = YES_ERROR;
				CLANG_WARN_DOCUMENTATION_COMMENTS = YES;
				CLANG_WARN_EMPTY_BODY = YES;
				CLANG_WARN_ENUM_CONVERSION = YES;
				CLANG_WARN_INFINITE_RECURSION = YES;
				CLANG_WARN_INT_CONVERSION = YES;
				CLANG_WARN_NON_LITERAL_NULL_CONVERSION = YES;
				CLANG_WARN_OBJC_IMPLICIT_RETAIN_SELF = YES;
				CLANG_WARN_OBJC_LITERAL_CONVERSION = YES;
				CLANG_WARN_OBJC_ROOT_CLASS = YES_ERROR;
				CLANG_WARN_QUOTED_INCLUDE_IN_FRAMEWORK_HEADER = YES;
				CLANG_WARN_RANGE_LOOP_ANALYSIS = YES;
				CLANG_WARN_STRICT_PROTOTYPES = YES;
				CLANG_WARN_SUSPICIOUS_MOVE = YES;
				CLANG_WARN_UNGUARDED_AVAILABILITY = YES_AGGRESSIVE;
				CLANG_WARN_UNREACHABLE_CODE = YES;
				CLANG_WARN__DUPLICATE_METHOD_MATCH = YES;
				COPY_PHASE_STRIP = NO;
				DEBUG_INFORMATION_FORMAT = dwarf;
				ENABLE_STRICT_OBJC_MSGSEND = YES;
				ENABLE_TESTABILITY = YES;
				GCC_C_LANGUAGE_STANDARD = gnu11;
				GCC_DYNAMIC_NO_PIC = NO;
				GCC_NO_COMMON_BLOCKS = YES;
				GCC_OPTIMIZATION_LEVEL = 0;
				GCC_PREPROCESSOR_DEFINITIONS = (
					"DEBUG=1",
					"$(inherited)",
				);
				GCC_WARN_64_TO_32_BIT_CONVERSION = YES;
				GCC_WARN_ABOUT_RETURN_TYPE = YES_ERROR;
				GCC_WARN_UNDECLARED_SELECTOR = YES;
				GCC_WARN_UNINITIALIZED_AUTOS = YES_AGGRESSIVE;
				GCC_WARN_UNUSED_FUNCTION = YES;
				GCC_WARN_UNUSED_VARIABLE = YES;
				IPHONEOS_DEPLOYMENT_TARGET = 16.4;
				MTL_ENABLE_DEBUG_INFO = INCLUDE_SOURCE;
				MTL_FAST_MATH = YES;
				ONLY_ACTIVE_ARCH = YES;
				SDKROOT = iphoneos;
				SWIFT_ACTIVE_COMPILATION_CONDITIONS = DEBUG;
				SWIFT_OPTIMIZATION_LEVEL = "-Onone";
			};
			name = Debug;
		};
		18D13E7D2AEF59BF001EC0B0 /* Release */ = {
			isa = XCBuildConfiguration;
			buildSettings = {
				ALWAYS_SEARCH_USER_PATHS = NO;
				CLANG_ANALYZER_NONNULL = YES;
				CLANG_ANALYZER_NUMBER_OBJECT_CONVERSION = YES_AGGRESSIVE;
				CLANG_CXX_LANGUAGE_STANDARD = "gnu++20";
				CLANG_ENABLE_MODULES = YES;
				CLANG_ENABLE_OBJC_ARC = YES;
				CLANG_ENABLE_OBJC_WEAK = YES;
				CLANG_WARN_BLOCK_CAPTURE_AUTORELEASING = YES;
				CLANG_WARN_BOOL_CONVERSION = YES;
				CLANG_WARN_COMMA = YES;
				CLANG_WARN_CONSTANT_CONVERSION = YES;
				CLANG_WARN_DEPRECATED_OBJC_IMPLEMENTATIONS = YES;
				CLANG_WARN_DIRECT_OBJC_ISA_USAGE = YES_ERROR;
				CLANG_WARN_DOCUMENTATION_COMMENTS = YES;
				CLANG_WARN_EMPTY_BODY = YES;
				CLANG_WARN_ENUM_CONVERSION = YES;
				CLANG_WARN_INFINITE_RECURSION = YES;
				CLANG_WARN_INT_CONVERSION = YES;
				CLANG_WARN_NON_LITERAL_NULL_CONVERSION = YES;
				CLANG_WARN_OBJC_IMPLICIT_RETAIN_SELF = YES;
				CLANG_WARN_OBJC_LITERAL_CONVERSION = YES;
				CLANG_WARN_OBJC_ROOT_CLASS = YES_ERROR;
				CLANG_WARN_QUOTED_INCLUDE_IN_FRAMEWORK_HEADER = YES;
				CLANG_WARN_RANGE_LOOP_ANALYSIS = YES;
				CLANG_WARN_STRICT_PROTOTYPES = YES;
				CLANG_WARN_SUSPICIOUS_MOVE = YES;
				CLANG_WARN_UNGUARDED_AVAILABILITY = YES_AGGRESSIVE;
				CLANG_WARN_UNREACHABLE_CODE = YES;
				CLANG_WARN__DUPLICATE_METHOD_MATCH = YES;
				COPY_PHASE_STRIP = NO;
				DEBUG_INFORMATION_FORMAT = "dwarf-with-dsym";
				ENABLE_NS_ASSERTIONS = NO;
				ENABLE_STRICT_OBJC_MSGSEND = YES;
				GCC_C_LANGUAGE_STANDARD = gnu11;
				GCC_NO_COMMON_BLOCKS = YES;
				GCC_WARN_64_TO_32_BIT_CONVERSION = YES;
				GCC_WARN_ABOUT_RETURN_TYPE = YES_ERROR;
				GCC_WARN_UNDECLARED_SELECTOR = YES;
				GCC_WARN_UNINITIALIZED_AUTOS = YES_AGGRESSIVE;
				GCC_WARN_UNUSED_FUNCTION = YES;
				GCC_WARN_UNUSED_VARIABLE = YES;
				IPHONEOS_DEPLOYMENT_TARGET = 16.4;
				MTL_ENABLE_DEBUG_INFO = NO;
				MTL_FAST_MATH = YES;
				SDKROOT = iphoneos;
				SWIFT_COMPILATION_MODE = wholemodule;
				SWIFT_OPTIMIZATION_LEVEL = "-O";
				VALIDATE_PRODUCT = YES;
			};
			name = Release;
		};
		18D13E7F2AEF59BF001EC0B0 /* Debug */ = {
			isa = XCBuildConfiguration;
			buildSettings = {
				ASSETCATALOG_COMPILER_APPICON_NAME = AppIcon;
				ASSETCATALOG_COMPILER_GLOBAL_ACCENT_COLOR_NAME = AccentColor;
				CODE_SIGN_STYLE = Automatic;
				CURRENT_PROJECT_VERSION = 1;
				DEVELOPMENT_ASSET_PATHS = "\"Stories/Preview Content\"";
				DEVELOPMENT_TEAM = P5JPX93769;
				ENABLE_PREVIEWS = YES;
				GENERATE_INFOPLIST_FILE = YES;
				INFOPLIST_KEY_UIApplicationSceneManifest_Generation = YES;
				INFOPLIST_KEY_UIApplicationSupportsIndirectInputEvents = YES;
				INFOPLIST_KEY_UILaunchScreen_Generation = YES;
				INFOPLIST_KEY_UISupportedInterfaceOrientations_iPad = "UIInterfaceOrientationPortrait UIInterfaceOrientationPortraitUpsideDown UIInterfaceOrientationLandscapeLeft UIInterfaceOrientationLandscapeRight";
				INFOPLIST_KEY_UISupportedInterfaceOrientations_iPhone = "UIInterfaceOrientationPortrait UIInterfaceOrientationLandscapeLeft UIInterfaceOrientationLandscapeRight";
				LD_RUNPATH_SEARCH_PATHS = (
					"$(inherited)",
					"@executable_path/Frameworks",
				);
				MARKETING_VERSION = 1.0;
				PRODUCT_BUNDLE_IDENTIFIER = ali.Stories;
				PRODUCT_NAME = "$(TARGET_NAME)";
				SWIFT_EMIT_LOC_STRINGS = YES;
				SWIFT_VERSION = 5.0;
				TARGETED_DEVICE_FAMILY = "1,2";
			};
			name = Debug;
		};
		18D13E802AEF59BF001EC0B0 /* Release */ = {
			isa = XCBuildConfiguration;
			buildSettings = {
				ASSETCATALOG_COMPILER_APPICON_NAME = AppIcon;
				ASSETCATALOG_COMPILER_GLOBAL_ACCENT_COLOR_NAME = AccentColor;
				CODE_SIGN_STYLE = Automatic;
				CURRENT_PROJECT_VERSION = 1;
				DEVELOPMENT_ASSET_PATHS = "\"Stories/Preview Content\"";
				DEVELOPMENT_TEAM = P5JPX93769;
				ENABLE_PREVIEWS = YES;
				GENERATE_INFOPLIST_FILE = YES;
				INFOPLIST_KEY_UIApplicationSceneManifest_Generation = YES;
				INFOPLIST_KEY_UIApplicationSupportsIndirectInputEvents = YES;
				INFOPLIST_KEY_UILaunchScreen_Generation = YES;
				INFOPLIST_KEY_UISupportedInterfaceOrientations_iPad = "UIInterfaceOrientationPortrait UIInterfaceOrientationPortraitUpsideDown UIInterfaceOrientationLandscapeLeft UIInterfaceOrientationLandscapeRight";
				INFOPLIST_KEY_UISupportedInterfaceOrientations_iPhone = "UIInterfaceOrientationPortrait UIInterfaceOrientationLandscapeLeft UIInterfaceOrientationLandscapeRight";
				LD_RUNPATH_SEARCH_PATHS = (
					"$(inherited)",
					"@executable_path/Frameworks",
				);
				MARKETING_VERSION = 1.0;
				PRODUCT_BUNDLE_IDENTIFIER = ali.Stories;
				PRODUCT_NAME = "$(TARGET_NAME)";
				SWIFT_EMIT_LOC_STRINGS = YES;
				SWIFT_VERSION = 5.0;
				TARGETED_DEVICE_FAMILY = "1,2";
			};
			name = Release;
		};
/* End XCBuildConfiguration section */

/* Begin XCConfigurationList section */
		18D13E6B2AEF59BE001EC0B0 /* Build configuration list for PBXProject "Stories" */ = {
			isa = XCConfigurationList;
			buildConfigurations = (
				18D13E7C2AEF59BF001EC0B0 /* Debug */,
				18D13E7D2AEF59BF001EC0B0 /* Release */,
			);
			defaultConfigurationIsVisible = 0;
			defaultConfigurationName = Release;
		};
		18D13E7E2AEF59BF001EC0B0 /* Build configuration list for PBXNativeTarget "Stories" */ = {
			isa = XCConfigurationList;
			buildConfigurations = (
				18D13E7F2AEF59BF001EC0B0 /* Debug */,
				18D13E802AEF59BF001EC0B0 /* Release */,
			);
			defaultConfigurationIsVisible = 0;
			defaultConfigurationName = Release;
		};
/* End XCConfigurationList section */
	};
	rootObject = 18D13E682AEF59BE001EC0B0 /* Project object */;
}
